
Microsoft Visual Studio Solution File, Format Version 12.00
# Visual Studio Version 17
VisualStudioVersion = 17.0.32014.148
MinimumVisualStudioVersion = 10.0.40219.1
Project("{FAE04EC0-301F-11D3-BF4B-00C04F79EFBC}") = "Hello World", "Hello World\Hello World.csproj", "{DEC6412B-ECF2-45E1-B3A5-27CA7D943D2B}"
EndProject
Global
	GlobalSection(SolutionConfigurationPlatforms) = preSolution
		Debug|Any CPU = Debug|Any CPU
		Release|Any CPU = Release|Any CPU
	EndGlobalSection
	GlobalSection(ProjectConfigurationPlatforms) = postSolution
		{DEC6412B-ECF2-45E1-B3A5-27CA7D943D2B}.Debug|Any CPU.ActiveCfg = Debug|Any CPU
		{DEC6412B-ECF2-45E1-B3A5-27CA7D943D2B}.Debug|Any CPU.Build.0 = Debug|Any CPU
		{DEC6412B-ECF2-45E1-B3A5-27CA7D943D2B}.Release|Any CPU.ActiveCfg = Release|Any CPU
		{DEC6412B-ECF2-45E1-B3A5-27CA7D943D2B}.Release|Any CPU.Build.0 = Release|Any CPU
	EndGlobalSection
	GlobalSection(SolutionProperties) = preSolution
		HideSolutionNode = FALSE
	EndGlobalSection
	GlobalSection(ExtensibilityGlobals) = postSolution
		SolutionGuid = {9E2CB4A2-FB7B-4C23-B9EC-B927ABB7DE3F}
	EndGlobalSection
EndGlobal
